// !$*UTF8*$!
{
	archiveVersion = 1;
	classes = {
	};
	objectVersion = 51;
	objects = {

/* Begin PBXBuildFile section */
		39778D9D97DE1B7596F94BC3 /* Pods_RestaurantMenu_RestaurantMenuUITests.framework in Frameworks */ = {isa = PBXBuildFile; fileRef = BEC500F75A3BCDB780725F99 /* Pods_RestaurantMenu_RestaurantMenuUITests.framework */; };
		4A3BE5720471C352D4093467 /* Pods_RestaurantMenu.framework in Frameworks */ = {isa = PBXBuildFile; fileRef = 2BDC7E72544B0BA20ECE9FAF /* Pods_RestaurantMenu.framework */; };
		6609548025BF1ECE001D7CA4 /* ProductsViewController.swift in Sources */ = {isa = PBXBuildFile; fileRef = 6609547F25BF1ECE001D7CA4 /* ProductsViewController.swift */; };
		666C46AD25BF2262003CA731 /* Main.storyboard in Resources */ = {isa = PBXBuildFile; fileRef = 666C46AC25BF2262003CA731 /* Main.storyboard */; };
		666C46B225BF2347003CA731 /* ProductDetailsViewController.swift in Sources */ = {isa = PBXBuildFile; fileRef = 666C46B125BF2347003CA731 /* ProductDetailsViewController.swift */; };
		668A293D25BF43E300CFED64 /* testGetProductsDatafromApi.swift in Sources */ = {isa = PBXBuildFile; fileRef = 668A293C25BF43E300CFED64 /* testGetProductsDatafromApi.swift */; };
		668A294525BF44CD00CFED64 /* testGetCategoriesDataFromAPI.swift in Sources */ = {isa = PBXBuildFile; fileRef = 668A294425BF44CD00CFED64 /* testGetCategoriesDataFromAPI.swift */; };
		6695318025B8E4AC00EEDB82 /* AppDelegate.swift in Sources */ = {isa = PBXBuildFile; fileRef = 6695317F25B8E4AC00EEDB82 /* AppDelegate.swift */; };
		6695318225B8E4AC00EEDB82 /* SceneDelegate.swift in Sources */ = {isa = PBXBuildFile; fileRef = 6695318125B8E4AC00EEDB82 /* SceneDelegate.swift */; };
		6695318925B8E4AF00EEDB82 /* Assets.xcassets in Resources */ = {isa = PBXBuildFile; fileRef = 6695318825B8E4AF00EEDB82 /* Assets.xcassets */; };
		6695318C25B8E4AF00EEDB82 /* LaunchScreen.storyboard in Resources */ = {isa = PBXBuildFile; fileRef = 6695318A25B8E4AF00EEDB82 /* LaunchScreen.storyboard */; };
		669531A225B8E4B000EEDB82 /* RestaurantMenuUITests.swift in Sources */ = {isa = PBXBuildFile; fileRef = 669531A125B8E4B000EEDB82 /* RestaurantMenuUITests.swift */; };
		669531E825B9C73D00EEDB82 /* CategoriesConfiguration.swift in Sources */ = {isa = PBXBuildFile; fileRef = 669531E025B9C73D00EEDB82 /* CategoriesConfiguration.swift */; };
		669531E925B9C73D00EEDB82 /* CategoriesPresenter.swift in Sources */ = {isa = PBXBuildFile; fileRef = 669531E125B9C73D00EEDB82 /* CategoriesPresenter.swift */; };
		669531EA25B9C73D00EEDB82 /* CategoriesWorker.swift in Sources */ = {isa = PBXBuildFile; fileRef = 669531E225B9C73D00EEDB82 /* CategoriesWorker.swift */; };
		669531EB25B9C73D00EEDB82 /* CategoriesRouter.swift in Sources */ = {isa = PBXBuildFile; fileRef = 669531E325B9C73D00EEDB82 /* CategoriesRouter.swift */; };
		669531EC25B9C73D00EEDB82 /* CategoriesViewController.swift in Sources */ = {isa = PBXBuildFile; fileRef = 669531E425B9C73D00EEDB82 /* CategoriesViewController.swift */; };
		669531ED25B9C73D00EEDB82 /* CategoriesInteractor.swift in Sources */ = {isa = PBXBuildFile; fileRef = 669531E525B9C73D00EEDB82 /* CategoriesInteractor.swift */; };
		669531EF25B9C73D00EEDB82 /* CategoriesViewController.xib in Resources */ = {isa = PBXBuildFile; fileRef = 669531E725B9C73D00EEDB82 /* CategoriesViewController.xib */; };
		669531FB25B9C75800EEDB82 /* ProductsConfiguration.swift in Sources */ = {isa = PBXBuildFile; fileRef = 669531F325B9C75800EEDB82 /* ProductsConfiguration.swift */; };
		669531FC25B9C75800EEDB82 /* ProductsPresenter.swift in Sources */ = {isa = PBXBuildFile; fileRef = 669531F425B9C75800EEDB82 /* ProductsPresenter.swift */; };
		669531FD25B9C75800EEDB82 /* ProductsWorker.swift in Sources */ = {isa = PBXBuildFile; fileRef = 669531F525B9C75800EEDB82 /* ProductsWorker.swift */; };
		669531FE25B9C75800EEDB82 /* ProductsRouter.swift in Sources */ = {isa = PBXBuildFile; fileRef = 669531F625B9C75800EEDB82 /* ProductsRouter.swift */; };
		6695320025B9C75800EEDB82 /* ProductsInteractor.swift in Sources */ = {isa = PBXBuildFile; fileRef = 669531F825B9C75800EEDB82 /* ProductsInteractor.swift */; };
		6695320125B9C75800EEDB82 /* ProductsModel.swift in Sources */ = {isa = PBXBuildFile; fileRef = 669531F925B9C75800EEDB82 /* ProductsModel.swift */; };
		6695320225B9C75800EEDB82 /* ProductsViewController.xib in Resources */ = {isa = PBXBuildFile; fileRef = 669531FA25B9C75800EEDB82 /* ProductsViewController.xib */; };
		6695320C25B9C7F800EEDB82 /* AppRoute.swift in Sources */ = {isa = PBXBuildFile; fileRef = 6695320B25B9C7F800EEDB82 /* AppRoute.swift */; };
		6695321625B9C83700EEDB82 /* NetworkService.swift in Sources */ = {isa = PBXBuildFile; fileRef = 6695321525B9C83700EEDB82 /* NetworkService.swift */; };
		6695321B25B9C85400EEDB82 /* ModulesRoute.swift in Sources */ = {isa = PBXBuildFile; fileRef = 6695321A25B9C85400EEDB82 /* ModulesRoute.swift */; };
		6695326F25B9D00B00EEDB82 /* CategoriesEndpoint.swift in Sources */ = {isa = PBXBuildFile; fileRef = 6695326E25B9D00B00EEDB82 /* CategoriesEndpoint.swift */; };
		6695327525B9D04E00EEDB82 /* ProductsEndpoint.swift in Sources */ = {isa = PBXBuildFile; fileRef = 6695327425B9D04E00EEDB82 /* ProductsEndpoint.swift */; };
		66C7101D25BCD7E30096A869 /* CategoriesCollectionViewCell.swift in Sources */ = {isa = PBXBuildFile; fileRef = 66C7101B25BCD7E30096A869 /* CategoriesCollectionViewCell.swift */; };
		66C7101E25BCD7E30096A869 /* CategoriesCollectionViewCell.xib in Resources */ = {isa = PBXBuildFile; fileRef = 66C7101C25BCD7E30096A869 /* CategoriesCollectionViewCell.xib */; };
		66C7102E25BCDEAE0096A869 /* LaunchConfiguration.swift in Sources */ = {isa = PBXBuildFile; fileRef = 66C7102625BCDEAE0096A869 /* LaunchConfiguration.swift */; };
		66C7102F25BCDEAE0096A869 /* LaunchPresenter.swift in Sources */ = {isa = PBXBuildFile; fileRef = 66C7102725BCDEAE0096A869 /* LaunchPresenter.swift */; };
		66C7103025BCDEAE0096A869 /* LaunchWorker.swift in Sources */ = {isa = PBXBuildFile; fileRef = 66C7102825BCDEAE0096A869 /* LaunchWorker.swift */; };
		66C7103125BCDEAE0096A869 /* LaunchRouter.swift in Sources */ = {isa = PBXBuildFile; fileRef = 66C7102925BCDEAE0096A869 /* LaunchRouter.swift */; };
		66C7103225BCDEAE0096A869 /* LaunchViewController.swift in Sources */ = {isa = PBXBuildFile; fileRef = 66C7102A25BCDEAE0096A869 /* LaunchViewController.swift */; };
		66C7103325BCDEAE0096A869 /* LaunchInteractor.swift in Sources */ = {isa = PBXBuildFile; fileRef = 66C7102B25BCDEAE0096A869 /* LaunchInteractor.swift */; };
		66C7103525BCDEAE0096A869 /* LaunchViewController.xib in Resources */ = {isa = PBXBuildFile; fileRef = 66C7102D25BCDEAE0096A869 /* LaunchViewController.xib */; };
		66C7104A25BCDF4E0096A869 /* LaunchEndpoint.swift in Sources */ = {isa = PBXBuildFile; fileRef = 66C7104925BCDF4E0096A869 /* LaunchEndpoint.swift */; };
		66C7105325BCE2DC0096A869 /* Constant.swift in Sources */ = {isa = PBXBuildFile; fileRef = 66C7105225BCE2DC0096A869 /* Constant.swift */; };
		66CAB12625BDA870000D1FDD /* CategoriesModel.swift in Sources */ = {isa = PBXBuildFile; fileRef = 66CAB12525BDA86F000D1FDD /* CategoriesModel.swift */; };
		66CAB12D25BDAC33000D1FDD /* RealmManager.swift in Sources */ = {isa = PBXBuildFile; fileRef = 66CAB12B25BDAC33000D1FDD /* RealmManager.swift */; };
		66CAB12E25BDAC33000D1FDD /* RealmExtension.swift in Sources */ = {isa = PBXBuildFile; fileRef = 66CAB12C25BDAC33000D1FDD /* RealmExtension.swift */; };
		66F00C1F25BE424E00AF3A4F /* Utilites.swift in Sources */ = {isa = PBXBuildFile; fileRef = 66F00C1E25BE424E00AF3A4F /* Utilites.swift */; };
		66F00C6B25BE65A400AF3A4F /* CollectionView.swift in Sources */ = {isa = PBXBuildFile; fileRef = 66F00C6A25BE65A400AF3A4F /* CollectionView.swift */; };
		66F00C7025BE664B00AF3A4F /* productsCollection.swift in Sources */ = {isa = PBXBuildFile; fileRef = 66F00C6F25BE664B00AF3A4F /* productsCollection.swift */; };
		B81F4F772A1A179D061F0633 /* Pods_RestaurantMenuTests.framework in Frameworks */ = {isa = PBXBuildFile; fileRef = D74B79C2F007F4B1BF5B2075 /* Pods_RestaurantMenuTests.framework */; };
/* End PBXBuildFile section */

/* Begin PBXContainerItemProxy section */
		6695319325B8E4B000EEDB82 /* PBXContainerItemProxy */ = {
			isa = PBXContainerItemProxy;
			containerPortal = 6695317425B8E4AC00EEDB82 /* Project object */;
			proxyType = 1;
			remoteGlobalIDString = 6695317B25B8E4AC00EEDB82;
			remoteInfo = RestaurantMenu;
		};
		6695319E25B8E4B000EEDB82 /* PBXContainerItemProxy */ = {
			isa = PBXContainerItemProxy;
			containerPortal = 6695317425B8E4AC00EEDB82 /* Project object */;
			proxyType = 1;
			remoteGlobalIDString = 6695317B25B8E4AC00EEDB82;
			remoteInfo = RestaurantMenu;
		};
/* End PBXContainerItemProxy section */

/* Begin PBXFileReference section */
		2BDC7E72544B0BA20ECE9FAF /* Pods_RestaurantMenu.framework */ = {isa = PBXFileReference; explicitFileType = wrapper.framework; includeInIndex = 0; path = Pods_RestaurantMenu.framework; sourceTree = BUILT_PRODUCTS_DIR; };
		3204A39C096A1436635158B5 /* Pods-RestaurantMenu.release.xcconfig */ = {isa = PBXFileReference; includeInIndex = 1; lastKnownFileType = text.xcconfig; name = "Pods-RestaurantMenu.release.xcconfig"; path = "Target Support Files/Pods-RestaurantMenu/Pods-RestaurantMenu.release.xcconfig"; sourceTree = "<group>"; };
		3A6210C6F1AB88CA1E29A098 /* Pods-RestaurantMenu.debug.xcconfig */ = {isa = PBXFileReference; includeInIndex = 1; lastKnownFileType = text.xcconfig; name = "Pods-RestaurantMenu.debug.xcconfig"; path = "Target Support Files/Pods-RestaurantMenu/Pods-RestaurantMenu.debug.xcconfig"; sourceTree = "<group>"; };
		5832B017CFC62A769A335037 /* Pods-RestaurantMenuTests.release.xcconfig */ = {isa = PBXFileReference; includeInIndex = 1; lastKnownFileType = text.xcconfig; name = "Pods-RestaurantMenuTests.release.xcconfig"; path = "Target Support Files/Pods-RestaurantMenuTests/Pods-RestaurantMenuTests.release.xcconfig"; sourceTree = "<group>"; };
		6609547F25BF1ECE001D7CA4 /* ProductsViewController.swift */ = {isa = PBXFileReference; fileEncoding = 4; lastKnownFileType = sourcecode.swift; path = ProductsViewController.swift; sourceTree = "<group>"; };
		666C46AC25BF2262003CA731 /* Main.storyboard */ = {isa = PBXFileReference; lastKnownFileType = file.storyboard; path = Main.storyboard; sourceTree = "<group>"; };
		666C46B125BF2347003CA731 /* ProductDetailsViewController.swift */ = {isa = PBXFileReference; lastKnownFileType = sourcecode.swift; path = ProductDetailsViewController.swift; sourceTree = "<group>"; };
		668A293C25BF43E300CFED64 /* testGetProductsDatafromApi.swift */ = {isa = PBXFileReference; lastKnownFileType = sourcecode.swift; path = testGetProductsDatafromApi.swift; sourceTree = "<group>"; };
		668A294425BF44CD00CFED64 /* testGetCategoriesDataFromAPI.swift */ = {isa = PBXFileReference; lastKnownFileType = sourcecode.swift; path = testGetCategoriesDataFromAPI.swift; sourceTree = "<group>"; };
		6695317C25B8E4AC00EEDB82 /* RestaurantMenu.app */ = {isa = PBXFileReference; explicitFileType = wrapper.application; includeInIndex = 0; path = RestaurantMenu.app; sourceTree = BUILT_PRODUCTS_DIR; };
		6695317F25B8E4AC00EEDB82 /* AppDelegate.swift */ = {isa = PBXFileReference; lastKnownFileType = sourcecode.swift; path = AppDelegate.swift; sourceTree = "<group>"; };
		6695318125B8E4AC00EEDB82 /* SceneDelegate.swift */ = {isa = PBXFileReference; lastKnownFileType = sourcecode.swift; path = SceneDelegate.swift; sourceTree = "<group>"; };
		6695318825B8E4AF00EEDB82 /* Assets.xcassets */ = {isa = PBXFileReference; lastKnownFileType = folder.assetcatalog; path = Assets.xcassets; sourceTree = "<group>"; };
		6695318B25B8E4AF00EEDB82 /* Base */ = {isa = PBXFileReference; lastKnownFileType = file.storyboard; name = Base; path = Base.lproj/LaunchScreen.storyboard; sourceTree = "<group>"; };
		6695318D25B8E4AF00EEDB82 /* Info.plist */ = {isa = PBXFileReference; lastKnownFileType = text.plist.xml; path = Info.plist; sourceTree = "<group>"; };
		6695319225B8E4B000EEDB82 /* RestaurantMenuTests.xctest */ = {isa = PBXFileReference; explicitFileType = wrapper.cfbundle; includeInIndex = 0; path = RestaurantMenuTests.xctest; sourceTree = BUILT_PRODUCTS_DIR; };
		6695319825B8E4B000EEDB82 /* Info.plist */ = {isa = PBXFileReference; lastKnownFileType = text.plist.xml; path = Info.plist; sourceTree = "<group>"; };
		6695319D25B8E4B000EEDB82 /* RestaurantMenuUITests.xctest */ = {isa = PBXFileReference; explicitFileType = wrapper.cfbundle; includeInIndex = 0; path = RestaurantMenuUITests.xctest; sourceTree = BUILT_PRODUCTS_DIR; };
		669531A125B8E4B000EEDB82 /* RestaurantMenuUITests.swift */ = {isa = PBXFileReference; lastKnownFileType = sourcecode.swift; path = RestaurantMenuUITests.swift; sourceTree = "<group>"; };
		669531A325B8E4B000EEDB82 /* Info.plist */ = {isa = PBXFileReference; lastKnownFileType = text.plist.xml; path = Info.plist; sourceTree = "<group>"; };
		669531E025B9C73D00EEDB82 /* CategoriesConfiguration.swift */ = {isa = PBXFileReference; lastKnownFileType = sourcecode.swift; path = CategoriesConfiguration.swift; sourceTree = "<group>"; };
		669531E125B9C73D00EEDB82 /* CategoriesPresenter.swift */ = {isa = PBXFileReference; lastKnownFileType = sourcecode.swift; path = CategoriesPresenter.swift; sourceTree = "<group>"; };
		669531E225B9C73D00EEDB82 /* CategoriesWorker.swift */ = {isa = PBXFileReference; lastKnownFileType = sourcecode.swift; path = CategoriesWorker.swift; sourceTree = "<group>"; };
		669531E325B9C73D00EEDB82 /* CategoriesRouter.swift */ = {isa = PBXFileReference; lastKnownFileType = sourcecode.swift; path = CategoriesRouter.swift; sourceTree = "<group>"; };
		669531E425B9C73D00EEDB82 /* CategoriesViewController.swift */ = {isa = PBXFileReference; lastKnownFileType = sourcecode.swift; path = CategoriesViewController.swift; sourceTree = "<group>"; };
		669531E525B9C73D00EEDB82 /* CategoriesInteractor.swift */ = {isa = PBXFileReference; lastKnownFileType = sourcecode.swift; path = CategoriesInteractor.swift; sourceTree = "<group>"; };
		669531E725B9C73D00EEDB82 /* CategoriesViewController.xib */ = {isa = PBXFileReference; lastKnownFileType = file.xib; path = CategoriesViewController.xib; sourceTree = "<group>"; };
		669531F325B9C75800EEDB82 /* ProductsConfiguration.swift */ = {isa = PBXFileReference; lastKnownFileType = sourcecode.swift; path = ProductsConfiguration.swift; sourceTree = "<group>"; };
		669531F425B9C75800EEDB82 /* ProductsPresenter.swift */ = {isa = PBXFileReference; lastKnownFileType = sourcecode.swift; path = ProductsPresenter.swift; sourceTree = "<group>"; };
		669531F525B9C75800EEDB82 /* ProductsWorker.swift */ = {isa = PBXFileReference; lastKnownFileType = sourcecode.swift; path = ProductsWorker.swift; sourceTree = "<group>"; };
		669531F625B9C75800EEDB82 /* ProductsRouter.swift */ = {isa = PBXFileReference; lastKnownFileType = sourcecode.swift; path = ProductsRouter.swift; sourceTree = "<group>"; };
		669531F825B9C75800EEDB82 /* ProductsInteractor.swift */ = {isa = PBXFileReference; lastKnownFileType = sourcecode.swift; path = ProductsInteractor.swift; sourceTree = "<group>"; };
		669531F925B9C75800EEDB82 /* ProductsModel.swift */ = {isa = PBXFileReference; lastKnownFileType = sourcecode.swift; path = ProductsModel.swift; sourceTree = "<group>"; };
		669531FA25B9C75800EEDB82 /* ProductsViewController.xib */ = {isa = PBXFileReference; lastKnownFileType = file.xib; path = ProductsViewController.xib; sourceTree = "<group>"; };
		6695320B25B9C7F800EEDB82 /* AppRoute.swift */ = {isa = PBXFileReference; lastKnownFileType = sourcecode.swift; path = AppRoute.swift; sourceTree = "<group>"; };
		6695321525B9C83700EEDB82 /* NetworkService.swift */ = {isa = PBXFileReference; lastKnownFileType = sourcecode.swift; path = NetworkService.swift; sourceTree = "<group>"; };
		6695321A25B9C85400EEDB82 /* ModulesRoute.swift */ = {isa = PBXFileReference; lastKnownFileType = sourcecode.swift; path = ModulesRoute.swift; sourceTree = "<group>"; };
		6695326E25B9D00B00EEDB82 /* CategoriesEndpoint.swift */ = {isa = PBXFileReference; lastKnownFileType = sourcecode.swift; path = CategoriesEndpoint.swift; sourceTree = "<group>"; };
		6695327425B9D04E00EEDB82 /* ProductsEndpoint.swift */ = {isa = PBXFileReference; lastKnownFileType = sourcecode.swift; path = ProductsEndpoint.swift; sourceTree = "<group>"; };
		66C7101B25BCD7E30096A869 /* CategoriesCollectionViewCell.swift */ = {isa = PBXFileReference; lastKnownFileType = sourcecode.swift; path = CategoriesCollectionViewCell.swift; sourceTree = "<group>"; };
		66C7101C25BCD7E30096A869 /* CategoriesCollectionViewCell.xib */ = {isa = PBXFileReference; lastKnownFileType = file.xib; path = CategoriesCollectionViewCell.xib; sourceTree = "<group>"; };
		66C7102625BCDEAE0096A869 /* LaunchConfiguration.swift */ = {isa = PBXFileReference; lastKnownFileType = sourcecode.swift; path = LaunchConfiguration.swift; sourceTree = "<group>"; };
		66C7102725BCDEAE0096A869 /* LaunchPresenter.swift */ = {isa = PBXFileReference; lastKnownFileType = sourcecode.swift; path = LaunchPresenter.swift; sourceTree = "<group>"; };
		66C7102825BCDEAE0096A869 /* LaunchWorker.swift */ = {isa = PBXFileReference; lastKnownFileType = sourcecode.swift; path = LaunchWorker.swift; sourceTree = "<group>"; };
		66C7102925BCDEAE0096A869 /* LaunchRouter.swift */ = {isa = PBXFileReference; lastKnownFileType = sourcecode.swift; path = LaunchRouter.swift; sourceTree = "<group>"; };
		66C7102A25BCDEAE0096A869 /* LaunchViewController.swift */ = {isa = PBXFileReference; lastKnownFileType = sourcecode.swift; path = LaunchViewController.swift; sourceTree = "<group>"; };
		66C7102B25BCDEAE0096A869 /* LaunchInteractor.swift */ = {isa = PBXFileReference; lastKnownFileType = sourcecode.swift; path = LaunchInteractor.swift; sourceTree = "<group>"; };
		66C7102D25BCDEAE0096A869 /* LaunchViewController.xib */ = {isa = PBXFileReference; lastKnownFileType = file.xib; path = LaunchViewController.xib; sourceTree = "<group>"; };
		66C7104925BCDF4E0096A869 /* LaunchEndpoint.swift */ = {isa = PBXFileReference; lastKnownFileType = sourcecode.swift; path = LaunchEndpoint.swift; sourceTree = "<group>"; };
		66C7105225BCE2DC0096A869 /* Constant.swift */ = {isa = PBXFileReference; lastKnownFileType = sourcecode.swift; path = Constant.swift; sourceTree = "<group>"; };
		66CAB12525BDA86F000D1FDD /* CategoriesModel.swift */ = {isa = PBXFileReference; fileEncoding = 4; lastKnownFileType = sourcecode.swift; path = CategoriesModel.swift; sourceTree = "<group>"; };
		66CAB12B25BDAC33000D1FDD /* RealmManager.swift */ = {isa = PBXFileReference; fileEncoding = 4; lastKnownFileType = sourcecode.swift; path = RealmManager.swift; sourceTree = "<group>"; };
		66CAB12C25BDAC33000D1FDD /* RealmExtension.swift */ = {isa = PBXFileReference; fileEncoding = 4; lastKnownFileType = sourcecode.swift; path = RealmExtension.swift; sourceTree = "<group>"; };
		66F00C1E25BE424E00AF3A4F /* Utilites.swift */ = {isa = PBXFileReference; lastKnownFileType = sourcecode.swift; path = Utilites.swift; sourceTree = "<group>"; };
		66F00C6A25BE65A400AF3A4F /* CollectionView.swift */ = {isa = PBXFileReference; lastKnownFileType = sourcecode.swift; path = CollectionView.swift; sourceTree = "<group>"; };
		66F00C6F25BE664B00AF3A4F /* productsCollection.swift */ = {isa = PBXFileReference; lastKnownFileType = sourcecode.swift; path = productsCollection.swift; sourceTree = "<group>"; };
		8D4245B8DDE64953F98EABC4 /* Pods-RestaurantMenuTests.debug.xcconfig */ = {isa = PBXFileReference; includeInIndex = 1; lastKnownFileType = text.xcconfig; name = "Pods-RestaurantMenuTests.debug.xcconfig"; path = "Target Support Files/Pods-RestaurantMenuTests/Pods-RestaurantMenuTests.debug.xcconfig"; sourceTree = "<group>"; };
		B8E9AB02EA90143FE9150C9D /* Pods-RestaurantMenu-RestaurantMenuUITests.debug.xcconfig */ = {isa = PBXFileReference; includeInIndex = 1; lastKnownFileType = text.xcconfig; name = "Pods-RestaurantMenu-RestaurantMenuUITests.debug.xcconfig"; path = "Target Support Files/Pods-RestaurantMenu-RestaurantMenuUITests/Pods-RestaurantMenu-RestaurantMenuUITests.debug.xcconfig"; sourceTree = "<group>"; };
		BEC500F75A3BCDB780725F99 /* Pods_RestaurantMenu_RestaurantMenuUITests.framework */ = {isa = PBXFileReference; explicitFileType = wrapper.framework; includeInIndex = 0; path = Pods_RestaurantMenu_RestaurantMenuUITests.framework; sourceTree = BUILT_PRODUCTS_DIR; };
		CAF6E2C6F2B8869760959B93 /* Pods-RestaurantMenu-RestaurantMenuUITests.release.xcconfig */ = {isa = PBXFileReference; includeInIndex = 1; lastKnownFileType = text.xcconfig; name = "Pods-RestaurantMenu-RestaurantMenuUITests.release.xcconfig"; path = "Target Support Files/Pods-RestaurantMenu-RestaurantMenuUITests/Pods-RestaurantMenu-RestaurantMenuUITests.release.xcconfig"; sourceTree = "<group>"; };
		D74B79C2F007F4B1BF5B2075 /* Pods_RestaurantMenuTests.framework */ = {isa = PBXFileReference; explicitFileType = wrapper.framework; includeInIndex = 0; path = Pods_RestaurantMenuTests.framework; sourceTree = BUILT_PRODUCTS_DIR; };
/* End PBXFileReference section */

/* Begin PBXFrameworksBuildPhase section */
		6695317925B8E4AC00EEDB82 /* Frameworks */ = {
			isa = PBXFrameworksBuildPhase;
			buildActionMask = 2147483647;
			files = (
				4A3BE5720471C352D4093467 /* Pods_RestaurantMenu.framework in Frameworks */,
			);
			runOnlyForDeploymentPostprocessing = 0;
		};
		6695318F25B8E4B000EEDB82 /* Frameworks */ = {
			isa = PBXFrameworksBuildPhase;
			buildActionMask = 2147483647;
			files = (
				B81F4F772A1A179D061F0633 /* Pods_RestaurantMenuTests.framework in Frameworks */,
			);
			runOnlyForDeploymentPostprocessing = 0;
		};
		6695319A25B8E4B000EEDB82 /* Frameworks */ = {
			isa = PBXFrameworksBuildPhase;
			buildActionMask = 2147483647;
			files = (
				39778D9D97DE1B7596F94BC3 /* Pods_RestaurantMenu_RestaurantMenuUITests.framework in Frameworks */,
			);
			runOnlyForDeploymentPostprocessing = 0;
		};
/* End PBXFrameworksBuildPhase section */

/* Begin PBXGroup section */
		09094DFC93850C8F1B18032E /* Frameworks */ = {
			isa = PBXGroup;
			children = (
				2BDC7E72544B0BA20ECE9FAF /* Pods_RestaurantMenu.framework */,
				BEC500F75A3BCDB780725F99 /* Pods_RestaurantMenu_RestaurantMenuUITests.framework */,
				D74B79C2F007F4B1BF5B2075 /* Pods_RestaurantMenuTests.framework */,
			);
			name = Frameworks;
			sourceTree = "<group>";
		};
		6609543525BF17B5001D7CA4 /* ProductDetails */ = {
			isa = PBXGroup;
			children = (
				666C46AC25BF2262003CA731 /* Main.storyboard */,
				666C46B125BF2347003CA731 /* ProductDetailsViewController.swift */,
			);
			path = ProductDetails;
			sourceTree = "<group>";
		};
		6695317325B8E4AC00EEDB82 = {
			isa = PBXGroup;
			children = (
				6695317E25B8E4AC00EEDB82 /* RestaurantMenu */,
				6695319525B8E4B000EEDB82 /* RestaurantMenuTests */,
				669531A025B8E4B000EEDB82 /* RestaurantMenuUITests */,
				6695317D25B8E4AC00EEDB82 /* Products */,
				B3D8A57552A0D119E5DFA14C /* Pods */,
				09094DFC93850C8F1B18032E /* Frameworks */,
			);
			sourceTree = "<group>";
		};
		6695317D25B8E4AC00EEDB82 /* Products */ = {
			isa = PBXGroup;
			children = (
				6695317C25B8E4AC00EEDB82 /* RestaurantMenu.app */,
				6695319225B8E4B000EEDB82 /* RestaurantMenuTests.xctest */,
				6695319D25B8E4B000EEDB82 /* RestaurantMenuUITests.xctest */,
			);
			name = Products;
			sourceTree = "<group>";
		};
		6695317E25B8E4AC00EEDB82 /* RestaurantMenu */ = {
			isa = PBXGroup;
			children = (
				669531D225B9C59500EEDB82 /* AppConfigration */,
				6695323D25B9CE9A00EEDB82 /* Network */,
				6695320725B9C77F00EEDB82 /* Routes */,
				6695320625B9C76700EEDB82 /* Common */,
				669531D725B9C5F000EEDB82 /* AppScenes */,
				669531D625B9C5C100EEDB82 /* SupportingFiles */,
				6695318D25B8E4AF00EEDB82 /* Info.plist */,
			);
			path = RestaurantMenu;
			sourceTree = "<group>";
		};
		6695319525B8E4B000EEDB82 /* RestaurantMenuTests */ = {
			isa = PBXGroup;
			children = (
				668A294425BF44CD00CFED64 /* testGetCategoriesDataFromAPI.swift */,
				668A293C25BF43E300CFED64 /* testGetProductsDatafromApi.swift */,
				6695319825B8E4B000EEDB82 /* Info.plist */,
			);
			path = RestaurantMenuTests;
			sourceTree = "<group>";
		};
		669531A025B8E4B000EEDB82 /* RestaurantMenuUITests */ = {
			isa = PBXGroup;
			children = (
				669531A125B8E4B000EEDB82 /* RestaurantMenuUITests.swift */,
				669531A325B8E4B000EEDB82 /* Info.plist */,
			);
			path = RestaurantMenuUITests;
			sourceTree = "<group>";
		};
		669531D225B9C59500EEDB82 /* AppConfigration */ = {
			isa = PBXGroup;
			children = (
				6695317F25B8E4AC00EEDB82 /* AppDelegate.swift */,
				6695318125B8E4AC00EEDB82 /* SceneDelegate.swift */,
			);
			path = AppConfigration;
			sourceTree = "<group>";
		};
		669531D625B9C5C100EEDB82 /* SupportingFiles */ = {
			isa = PBXGroup;
			children = (
				6695318825B8E4AF00EEDB82 /* Assets.xcassets */,
			);
			path = SupportingFiles;
			sourceTree = "<group>";
		};
		669531D725B9C5F000EEDB82 /* AppScenes */ = {
			isa = PBXGroup;
			children = (
				6695326425B9CF9D00EEDB82 /* LaunchScreen */,
				669531DF25B9C69300EEDB82 /* Categories */,
				669531DE25B9C68B00EEDB82 /* Products */,
				6609543525BF17B5001D7CA4 /* ProductDetails */,
			);
			path = AppScenes;
			sourceTree = "<group>";
		};
		669531DE25B9C68B00EEDB82 /* Products */ = {
			isa = PBXGroup;
			children = (
				6695324225B9CEDA00EEDB82 /* Configuration */,
				6695324A25B9CEF000EEDB82 /* Presenter */,
				6695324F25B9CF0600EEDB82 /* Worker */,
				6695325125B9CF1B00EEDB82 /* Router */,
				6695325325B9CF3C00EEDB82 /* View */,
				6695325B25B9CF5800EEDB82 /* Interactor */,
				6695325F25B9CF6D00EEDB82 /* Model */,
				6695327325B9D03200EEDB82 /* Api */,
			);
			path = Products;
			sourceTree = "<group>";
		};
		669531DF25B9C69300EEDB82 /* Categories */ = {
			isa = PBXGroup;
			children = (
				6695324125B9CED300EEDB82 /* Configuration */,
				6695324625B9CEE800EEDB82 /* Presenter */,
				6695324E25B9CF0000EEDB82 /* Worker */,
				6695325025B9CF1300EEDB82 /* Router */,
				6695325225B9CF2A00EEDB82 /* View */,
				6695325725B9CF4B00EEDB82 /* Interactor */,
				66CAB12425BDA86F000D1FDD /* Model */,
				6695326525B9CFBC00EEDB82 /* Api */,
			);
			path = Categories;
			sourceTree = "<group>";
		};
		6695320625B9C76700EEDB82 /* Common */ = {
			isa = PBXGroup;
			children = (
				66CAB12A25BDAC33000D1FDD /* Realm */,
				66C7105225BCE2DC0096A869 /* Constant.swift */,
				66F00C1E25BE424E00AF3A4F /* Utilites.swift */,
			);
			path = Common;
			sourceTree = "<group>";
		};
		6695320725B9C77F00EEDB82 /* Routes */ = {
			isa = PBXGroup;
			children = (
				6695320B25B9C7F800EEDB82 /* AppRoute.swift */,
				6695321A25B9C85400EEDB82 /* ModulesRoute.swift */,
			);
			path = Routes;
			sourceTree = "<group>";
		};
		6695323D25B9CE9A00EEDB82 /* Network */ = {
			isa = PBXGroup;
			children = (
				6695321525B9C83700EEDB82 /* NetworkService.swift */,
			);
			path = Network;
			sourceTree = "<group>";
		};
		6695324125B9CED300EEDB82 /* Configuration */ = {
			isa = PBXGroup;
			children = (
				669531E025B9C73D00EEDB82 /* CategoriesConfiguration.swift */,
			);
			path = Configuration;
			sourceTree = "<group>";
		};
		6695324225B9CEDA00EEDB82 /* Configuration */ = {
			isa = PBXGroup;
			children = (
				669531F325B9C75800EEDB82 /* ProductsConfiguration.swift */,
			);
			path = Configuration;
			sourceTree = "<group>";
		};
		6695324625B9CEE800EEDB82 /* Presenter */ = {
			isa = PBXGroup;
			children = (
				669531E125B9C73D00EEDB82 /* CategoriesPresenter.swift */,
			);
			path = Presenter;
			sourceTree = "<group>";
		};
		6695324A25B9CEF000EEDB82 /* Presenter */ = {
			isa = PBXGroup;
			children = (
				669531F425B9C75800EEDB82 /* ProductsPresenter.swift */,
			);
			path = Presenter;
			sourceTree = "<group>";
		};
		6695324E25B9CF0000EEDB82 /* Worker */ = {
			isa = PBXGroup;
			children = (
				669531E225B9C73D00EEDB82 /* CategoriesWorker.swift */,
			);
			path = Worker;
			sourceTree = "<group>";
		};
		6695324F25B9CF0600EEDB82 /* Worker */ = {
			isa = PBXGroup;
			children = (
				669531F525B9C75800EEDB82 /* ProductsWorker.swift */,
			);
			path = Worker;
			sourceTree = "<group>";
		};
		6695325025B9CF1300EEDB82 /* Router */ = {
			isa = PBXGroup;
			children = (
				669531E325B9C73D00EEDB82 /* CategoriesRouter.swift */,
			);
			path = Router;
			sourceTree = "<group>";
		};
		6695325125B9CF1B00EEDB82 /* Router */ = {
			isa = PBXGroup;
			children = (
				669531F625B9C75800EEDB82 /* ProductsRouter.swift */,
			);
			path = Router;
			sourceTree = "<group>";
		};
		6695325225B9CF2A00EEDB82 /* View */ = {
			isa = PBXGroup;
			children = (
				66C7101025BCD7860096A869 /* Cell */,
				669531E425B9C73D00EEDB82 /* CategoriesViewController.swift */,
				669531E725B9C73D00EEDB82 /* CategoriesViewController.xib */,
				66F00C6A25BE65A400AF3A4F /* CollectionView.swift */,
			);
			path = View;
			sourceTree = "<group>";
		};
		6695325325B9CF3C00EEDB82 /* View */ = {
			isa = PBXGroup;
			children = (
				6609547F25BF1ECE001D7CA4 /* ProductsViewController.swift */,
				669531FA25B9C75800EEDB82 /* ProductsViewController.xib */,
				66F00C6F25BE664B00AF3A4F /* productsCollection.swift */,
			);
			path = View;
			sourceTree = "<group>";
		};
		6695325725B9CF4B00EEDB82 /* Interactor */ = {
			isa = PBXGroup;
			children = (
				669531E525B9C73D00EEDB82 /* CategoriesInteractor.swift */,
			);
			path = Interactor;
			sourceTree = "<group>";
		};
		6695325B25B9CF5800EEDB82 /* Interactor */ = {
			isa = PBXGroup;
			children = (
				669531F825B9C75800EEDB82 /* ProductsInteractor.swift */,
			);
			path = Interactor;
			sourceTree = "<group>";
		};
		6695325F25B9CF6D00EEDB82 /* Model */ = {
			isa = PBXGroup;
			children = (
				669531F925B9C75800EEDB82 /* ProductsModel.swift */,
			);
			path = Model;
			sourceTree = "<group>";
		};
		6695326425B9CF9D00EEDB82 /* LaunchScreen */ = {
			isa = PBXGroup;
			children = (
				6695318A25B8E4AF00EEDB82 /* LaunchScreen.storyboard */,
				66C7103925BCDEC50096A869 /* Configuration */,
				66C7103A25BCDEE80096A869 /* Presenter */,
				66C7103B25BCDEF90096A869 /* Worker */,
				66C7103F25BCDF150096A869 /* Router */,
				66C7104325BCDF1E0096A869 /* View */,
				66C7104725BCDF270096A869 /* Interactor */,
				66C7104E25BCDF540096A869 /* Api */,
			);
			path = LaunchScreen;
			sourceTree = "<group>";
		};
		6695326525B9CFBC00EEDB82 /* Api */ = {
			isa = PBXGroup;
			children = (
				6695326E25B9D00B00EEDB82 /* CategoriesEndpoint.swift */,
			);
			path = Api;
			sourceTree = "<group>";
		};
		6695327325B9D03200EEDB82 /* Api */ = {
			isa = PBXGroup;
			children = (
				6695327425B9D04E00EEDB82 /* ProductsEndpoint.swift */,
			);
			path = Api;
			sourceTree = "<group>";
		};
		66C7101025BCD7860096A869 /* Cell */ = {
			isa = PBXGroup;
			children = (
				66C7101B25BCD7E30096A869 /* CategoriesCollectionViewCell.swift */,
				66C7101C25BCD7E30096A869 /* CategoriesCollectionViewCell.xib */,
			);
			path = Cell;
			sourceTree = "<group>";
		};
		66C7103925BCDEC50096A869 /* Configuration */ = {
			isa = PBXGroup;
			children = (
				66C7102625BCDEAE0096A869 /* LaunchConfiguration.swift */,
			);
			path = Configuration;
			sourceTree = "<group>";
		};
		66C7103A25BCDEE80096A869 /* Presenter */ = {
			isa = PBXGroup;
			children = (
				66C7102725BCDEAE0096A869 /* LaunchPresenter.swift */,
			);
			path = Presenter;
			sourceTree = "<group>";
		};
		66C7103B25BCDEF90096A869 /* Worker */ = {
			isa = PBXGroup;
			children = (
				66C7102825BCDEAE0096A869 /* LaunchWorker.swift */,
			);
			path = Worker;
			sourceTree = "<group>";
		};
		66C7103F25BCDF150096A869 /* Router */ = {
			isa = PBXGroup;
			children = (
				66C7102925BCDEAE0096A869 /* LaunchRouter.swift */,
			);
			path = Router;
			sourceTree = "<group>";
		};
		66C7104325BCDF1E0096A869 /* View */ = {
			isa = PBXGroup;
			children = (
				66C7102A25BCDEAE0096A869 /* LaunchViewController.swift */,
				66C7102D25BCDEAE0096A869 /* LaunchViewController.xib */,
			);
			path = View;
			sourceTree = "<group>";
		};
		66C7104725BCDF270096A869 /* Interactor */ = {
			isa = PBXGroup;
			children = (
				66C7102B25BCDEAE0096A869 /* LaunchInteractor.swift */,
			);
			path = Interactor;
			sourceTree = "<group>";
		};
		66C7104E25BCDF540096A869 /* Api */ = {
			isa = PBXGroup;
			children = (
				66C7104925BCDF4E0096A869 /* LaunchEndpoint.swift */,
			);
			path = Api;
			sourceTree = "<group>";
		};
		66CAB12425BDA86F000D1FDD /* Model */ = {
			isa = PBXGroup;
			children = (
				66CAB12525BDA86F000D1FDD /* CategoriesModel.swift */,
			);
			path = Model;
			sourceTree = "<group>";
		};
		66CAB12A25BDAC33000D1FDD /* Realm */ = {
			isa = PBXGroup;
			children = (
				66CAB12B25BDAC33000D1FDD /* RealmManager.swift */,
				66CAB12C25BDAC33000D1FDD /* RealmExtension.swift */,
			);
			path = Realm;
			sourceTree = "<group>";
		};
		B3D8A57552A0D119E5DFA14C /* Pods */ = {
			isa = PBXGroup;
			children = (
				3A6210C6F1AB88CA1E29A098 /* Pods-RestaurantMenu.debug.xcconfig */,
				3204A39C096A1436635158B5 /* Pods-RestaurantMenu.release.xcconfig */,
				B8E9AB02EA90143FE9150C9D /* Pods-RestaurantMenu-RestaurantMenuUITests.debug.xcconfig */,
				CAF6E2C6F2B8869760959B93 /* Pods-RestaurantMenu-RestaurantMenuUITests.release.xcconfig */,
				8D4245B8DDE64953F98EABC4 /* Pods-RestaurantMenuTests.debug.xcconfig */,
				5832B017CFC62A769A335037 /* Pods-RestaurantMenuTests.release.xcconfig */,
			);
			path = Pods;
			sourceTree = "<group>";
		};
/* End PBXGroup section */

/* Begin PBXNativeTarget section */
		6695317B25B8E4AC00EEDB82 /* RestaurantMenu */ = {
			isa = PBXNativeTarget;
			buildConfigurationList = 669531A625B8E4B000EEDB82 /* Build configuration list for PBXNativeTarget "RestaurantMenu" */;
			buildPhases = (
				E0BAB38B73003FA3B6991DE9 /* [CP] Check Pods Manifest.lock */,
				6695317825B8E4AC00EEDB82 /* Sources */,
				6695317925B8E4AC00EEDB82 /* Frameworks */,
				6695317A25B8E4AC00EEDB82 /* Resources */,
				739840FB38394994BD4B47BA /* [CP] Embed Pods Frameworks */,
			);
			buildRules = (
			);
			dependencies = (
			);
			name = RestaurantMenu;
			productName = RestaurantMenu;
			productReference = 6695317C25B8E4AC00EEDB82 /* RestaurantMenu.app */;
			productType = "com.apple.product-type.application";
		};
		6695319125B8E4B000EEDB82 /* RestaurantMenuTests */ = {
			isa = PBXNativeTarget;
			buildConfigurationList = 669531A925B8E4B000EEDB82 /* Build configuration list for PBXNativeTarget "RestaurantMenuTests" */;
			buildPhases = (
				07E32BF7EB3570B59778DE1C /* [CP] Check Pods Manifest.lock */,
				6695318E25B8E4B000EEDB82 /* Sources */,
				6695318F25B8E4B000EEDB82 /* Frameworks */,
				6695319025B8E4B000EEDB82 /* Resources */,
			);
			buildRules = (
			);
			dependencies = (
				6695319425B8E4B000EEDB82 /* PBXTargetDependency */,
			);
			name = RestaurantMenuTests;
			productName = RestaurantMenuTests;
			productReference = 6695319225B8E4B000EEDB82 /* RestaurantMenuTests.xctest */;
			productType = "com.apple.product-type.bundle.unit-test";
		};
		6695319C25B8E4B000EEDB82 /* RestaurantMenuUITests */ = {
			isa = PBXNativeTarget;
			buildConfigurationList = 669531AC25B8E4B000EEDB82 /* Build configuration list for PBXNativeTarget "RestaurantMenuUITests" */;
			buildPhases = (
				1ED8A059C1E4A23800B446B4 /* [CP] Check Pods Manifest.lock */,
				6695319925B8E4B000EEDB82 /* Sources */,
				6695319A25B8E4B000EEDB82 /* Frameworks */,
				6695319B25B8E4B000EEDB82 /* Resources */,
				D25B526BE3588DBD7413AFD2 /* [CP] Embed Pods Frameworks */,
			);
			buildRules = (
			);
			dependencies = (
				6695319F25B8E4B000EEDB82 /* PBXTargetDependency */,
			);
			name = RestaurantMenuUITests;
			productName = RestaurantMenuUITests;
			productReference = 6695319D25B8E4B000EEDB82 /* RestaurantMenuUITests.xctest */;
			productType = "com.apple.product-type.bundle.ui-testing";
		};
/* End PBXNativeTarget section */

/* Begin PBXProject section */
		6695317425B8E4AC00EEDB82 /* Project object */ = {
			isa = PBXProject;
			attributes = {
				LastSwiftUpdateCheck = 1200;
				LastUpgradeCheck = 1200;
				TargetAttributes = {
					6695317B25B8E4AC00EEDB82 = {
						CreatedOnToolsVersion = 12.0.1;
					};
					6695319125B8E4B000EEDB82 = {
						CreatedOnToolsVersion = 12.0.1;
						TestTargetID = 6695317B25B8E4AC00EEDB82;
					};
					6695319C25B8E4B000EEDB82 = {
						CreatedOnToolsVersion = 12.0.1;
						TestTargetID = 6695317B25B8E4AC00EEDB82;
					};
				};
			};
			buildConfigurationList = 6695317725B8E4AC00EEDB82 /* Build configuration list for PBXProject "RestaurantMenu" */;
			compatibilityVersion = "Xcode 9.3";
			developmentRegion = en;
			hasScannedForEncodings = 0;
			knownRegions = (
				en,
				Base,
			);
			mainGroup = 6695317325B8E4AC00EEDB82;
			productRefGroup = 6695317D25B8E4AC00EEDB82 /* Products */;
			projectDirPath = "";
			projectRoot = "";
			targets = (
				6695317B25B8E4AC00EEDB82 /* RestaurantMenu */,
				6695319125B8E4B000EEDB82 /* RestaurantMenuTests */,
				6695319C25B8E4B000EEDB82 /* RestaurantMenuUITests */,
			);
		};
/* End PBXProject section */

/* Begin PBXResourcesBuildPhase section */
		6695317A25B8E4AC00EEDB82 /* Resources */ = {
			isa = PBXResourcesBuildPhase;
			buildActionMask = 2147483647;
			files = (
				666C46AD25BF2262003CA731 /* Main.storyboard in Resources */,
				6695318C25B8E4AF00EEDB82 /* LaunchScreen.storyboard in Resources */,
				66C7101E25BCD7E30096A869 /* CategoriesCollectionViewCell.xib in Resources */,
				6695318925B8E4AF00EEDB82 /* Assets.xcassets in Resources */,
				66C7103525BCDEAE0096A869 /* LaunchViewController.xib in Resources */,
				6695320225B9C75800EEDB82 /* ProductsViewController.xib in Resources */,
				669531EF25B9C73D00EEDB82 /* CategoriesViewController.xib in Resources */,
			);
			runOnlyForDeploymentPostprocessing = 0;
		};
		6695319025B8E4B000EEDB82 /* Resources */ = {
			isa = PBXResourcesBuildPhase;
			buildActionMask = 2147483647;
			files = (
			);
			runOnlyForDeploymentPostprocessing = 0;
		};
		6695319B25B8E4B000EEDB82 /* Resources */ = {
			isa = PBXResourcesBuildPhase;
			buildActionMask = 2147483647;
			files = (
			);
			runOnlyForDeploymentPostprocessing = 0;
		};
/* End PBXResourcesBuildPhase section */

/* Begin PBXShellScriptBuildPhase section */
		07E32BF7EB3570B59778DE1C /* [CP] Check Pods Manifest.lock */ = {
			isa = PBXShellScriptBuildPhase;
			buildActionMask = 2147483647;
			files = (
			);
			inputFileListPaths = (
			);
			inputPaths = (
				"${PODS_PODFILE_DIR_PATH}/Podfile.lock",
				"${PODS_ROOT}/Manifest.lock",
			);
			name = "[CP] Check Pods Manifest.lock";
			outputFileListPaths = (
			);
			outputPaths = (
				"$(DERIVED_FILE_DIR)/Pods-RestaurantMenuTests-checkManifestLockResult.txt",
			);
			runOnlyForDeploymentPostprocessing = 0;
			shellPath = /bin/sh;
			shellScript = "diff \"${PODS_PODFILE_DIR_PATH}/Podfile.lock\" \"${PODS_ROOT}/Manifest.lock\" > /dev/null\nif [ $? != 0 ] ; then\n    # print error to STDERR\n    echo \"error: The sandbox is not in sync with the Podfile.lock. Run 'pod install' or update your CocoaPods installation.\" >&2\n    exit 1\nfi\n# This output is used by Xcode 'outputs' to avoid re-running this script phase.\necho \"SUCCESS\" > \"${SCRIPT_OUTPUT_FILE_0}\"\n";
			showEnvVarsInLog = 0;
		};
		1ED8A059C1E4A23800B446B4 /* [CP] Check Pods Manifest.lock */ = {
			isa = PBXShellScriptBuildPhase;
			buildActionMask = 2147483647;
			files = (
			);
			inputFileListPaths = (
			);
			inputPaths = (
				"${PODS_PODFILE_DIR_PATH}/Podfile.lock",
				"${PODS_ROOT}/Manifest.lock",
			);
			name = "[CP] Check Pods Manifest.lock";
			outputFileListPaths = (
			);
			outputPaths = (
				"$(DERIVED_FILE_DIR)/Pods-RestaurantMenu-RestaurantMenuUITests-checkManifestLockResult.txt",
			);
			runOnlyForDeploymentPostprocessing = 0;
			shellPath = /bin/sh;
			shellScript = "diff \"${PODS_PODFILE_DIR_PATH}/Podfile.lock\" \"${PODS_ROOT}/Manifest.lock\" > /dev/null\nif [ $? != 0 ] ; then\n    # print error to STDERR\n    echo \"error: The sandbox is not in sync with the Podfile.lock. Run 'pod install' or update your CocoaPods installation.\" >&2\n    exit 1\nfi\n# This output is used by Xcode 'outputs' to avoid re-running this script phase.\necho \"SUCCESS\" > \"${SCRIPT_OUTPUT_FILE_0}\"\n";
			showEnvVarsInLog = 0;
		};
		739840FB38394994BD4B47BA /* [CP] Embed Pods Frameworks */ = {
			isa = PBXShellScriptBuildPhase;
			buildActionMask = 2147483647;
			files = (
			);
			inputFileListPaths = (
				"${PODS_ROOT}/Target Support Files/Pods-RestaurantMenu/Pods-RestaurantMenu-frameworks-${CONFIGURATION}-input-files.xcfilelist",
			);
			name = "[CP] Embed Pods Frameworks";
			outputFileListPaths = (
				"${PODS_ROOT}/Target Support Files/Pods-RestaurantMenu/Pods-RestaurantMenu-frameworks-${CONFIGURATION}-output-files.xcfilelist",
			);
			runOnlyForDeploymentPostprocessing = 0;
			shellPath = /bin/sh;
			shellScript = "\"${PODS_ROOT}/Target Support Files/Pods-RestaurantMenu/Pods-RestaurantMenu-frameworks.sh\"\n";
			showEnvVarsInLog = 0;
		};
		D25B526BE3588DBD7413AFD2 /* [CP] Embed Pods Frameworks */ = {
			isa = PBXShellScriptBuildPhase;
			buildActionMask = 2147483647;
			files = (
			);
			inputFileListPaths = (
				"${PODS_ROOT}/Target Support Files/Pods-RestaurantMenu-RestaurantMenuUITests/Pods-RestaurantMenu-RestaurantMenuUITests-frameworks-${CONFIGURATION}-input-files.xcfilelist",
			);
			name = "[CP] Embed Pods Frameworks";
			outputFileListPaths = (
				"${PODS_ROOT}/Target Support Files/Pods-RestaurantMenu-RestaurantMenuUITests/Pods-RestaurantMenu-RestaurantMenuUITests-frameworks-${CONFIGURATION}-output-files.xcfilelist",
			);
			runOnlyForDeploymentPostprocessing = 0;
			shellPath = /bin/sh;
			shellScript = "\"${PODS_ROOT}/Target Support Files/Pods-RestaurantMenu-RestaurantMenuUITests/Pods-RestaurantMenu-RestaurantMenuUITests-frameworks.sh\"\n";
			showEnvVarsInLog = 0;
		};
		E0BAB38B73003FA3B6991DE9 /* [CP] Check Pods Manifest.lock */ = {
			isa = PBXShellScriptBuildPhase;
			buildActionMask = 2147483647;
			files = (
			);
			inputFileListPaths = (
			);
			inputPaths = (
				"${PODS_PODFILE_DIR_PATH}/Podfile.lock",
				"${PODS_ROOT}/Manifest.lock",
			);
			name = "[CP] Check Pods Manifest.lock";
			outputFileListPaths = (
			);
			outputPaths = (
				"$(DERIVED_FILE_DIR)/Pods-RestaurantMenu-checkManifestLockResult.txt",
			);
			runOnlyForDeploymentPostprocessing = 0;
			shellPath = /bin/sh;
			shellScript = "diff \"${PODS_PODFILE_DIR_PATH}/Podfile.lock\" \"${PODS_ROOT}/Manifest.lock\" > /dev/null\nif [ $? != 0 ] ; then\n    # print error to STDERR\n    echo \"error: The sandbox is not in sync with the Podfile.lock. Run 'pod install' or update your CocoaPods installation.\" >&2\n    exit 1\nfi\n# This output is used by Xcode 'outputs' to avoid re-running this script phase.\necho \"SUCCESS\" > \"${SCRIPT_OUTPUT_FILE_0}\"\n";
			showEnvVarsInLog = 0;
		};
/* End PBXShellScriptBuildPhase section */

/* Begin PBXSourcesBuildPhase section */
		6695317825B8E4AC00EEDB82 /* Sources */ = {
			isa = PBXSourcesBuildPhase;
			buildActionMask = 2147483647;
			files = (
				669531FC25B9C75800EEDB82 /* ProductsPresenter.swift in Sources */,
				6695318025B8E4AC00EEDB82 /* AppDelegate.swift in Sources */,
				6695327525B9D04E00EEDB82 /* ProductsEndpoint.swift in Sources */,
				66C7102F25BCDEAE0096A869 /* LaunchPresenter.swift in Sources */,
				6695320125B9C75800EEDB82 /* ProductsModel.swift in Sources */,
				66C7103025BCDEAE0096A869 /* LaunchWorker.swift in Sources */,
				6609548025BF1ECE001D7CA4 /* ProductsViewController.swift in Sources */,
				6695318225B8E4AC00EEDB82 /* SceneDelegate.swift in Sources */,
				669531EB25B9C73D00EEDB82 /* CategoriesRouter.swift in Sources */,
				6695320C25B9C7F800EEDB82 /* AppRoute.swift in Sources */,
				66C7101D25BCD7E30096A869 /* CategoriesCollectionViewCell.swift in Sources */,
				6695320025B9C75800EEDB82 /* ProductsInteractor.swift in Sources */,
				669531FE25B9C75800EEDB82 /* ProductsRouter.swift in Sources */,
				66C7102E25BCDEAE0096A869 /* LaunchConfiguration.swift in Sources */,
				66C7103325BCDEAE0096A869 /* LaunchInteractor.swift in Sources */,
				666C46B225BF2347003CA731 /* ProductDetailsViewController.swift in Sources */,
				66CAB12E25BDAC33000D1FDD /* RealmExtension.swift in Sources */,
				66F00C7025BE664B00AF3A4F /* productsCollection.swift in Sources */,
				669531EA25B9C73D00EEDB82 /* CategoriesWorker.swift in Sources */,
				669531E925B9C73D00EEDB82 /* CategoriesPresenter.swift in Sources */,
				66CAB12625BDA870000D1FDD /* CategoriesModel.swift in Sources */,
				669531EC25B9C73D00EEDB82 /* CategoriesViewController.swift in Sources */,
				66C7105325BCE2DC0096A869 /* Constant.swift in Sources */,
				669531ED25B9C73D00EEDB82 /* CategoriesInteractor.swift in Sources */,
				6695326F25B9D00B00EEDB82 /* CategoriesEndpoint.swift in Sources */,
				6695321625B9C83700EEDB82 /* NetworkService.swift in Sources */,
				66C7103125BCDEAE0096A869 /* LaunchRouter.swift in Sources */,
				669531FD25B9C75800EEDB82 /* ProductsWorker.swift in Sources */,
				66F00C6B25BE65A400AF3A4F /* CollectionView.swift in Sources */,
				66CAB12D25BDAC33000D1FDD /* RealmManager.swift in Sources */,
				6695321B25B9C85400EEDB82 /* ModulesRoute.swift in Sources */,
				669531FB25B9C75800EEDB82 /* ProductsConfiguration.swift in Sources */,
				66F00C1F25BE424E00AF3A4F /* Utilites.swift in Sources */,
				66C7103225BCDEAE0096A869 /* LaunchViewController.swift in Sources */,
				669531E825B9C73D00EEDB82 /* CategoriesConfiguration.swift in Sources */,
				66C7104A25BCDF4E0096A869 /* LaunchEndpoint.swift in Sources */,
			);
			runOnlyForDeploymentPostprocessing = 0;
		};
		6695318E25B8E4B000EEDB82 /* Sources */ = {
			isa = PBXSourcesBuildPhase;
			buildActionMask = 2147483647;
			files = (
				668A293D25BF43E300CFED64 /* testGetProductsDatafromApi.swift in Sources */,
				668A294525BF44CD00CFED64 /* testGetCategoriesDataFromAPI.swift in Sources */,
			);
			runOnlyForDeploymentPostprocessing = 0;
		};
		6695319925B8E4B000EEDB82 /* Sources */ = {
			isa = PBXSourcesBuildPhase;
			buildActionMask = 2147483647;
			files = (
				669531A225B8E4B000EEDB82 /* RestaurantMenuUITests.swift in Sources */,
			);
			runOnlyForDeploymentPostprocessing = 0;
		};
/* End PBXSourcesBuildPhase section */

/* Begin PBXTargetDependency section */
		6695319425B8E4B000EEDB82 /* PBXTargetDependency */ = {
			isa = PBXTargetDependency;
			target = 6695317B25B8E4AC00EEDB82 /* RestaurantMenu */;
			targetProxy = 6695319325B8E4B000EEDB82 /* PBXContainerItemProxy */;
		};
		6695319F25B8E4B000EEDB82 /* PBXTargetDependency */ = {
			isa = PBXTargetDependency;
			target = 6695317B25B8E4AC00EEDB82 /* RestaurantMenu */;
			targetProxy = 6695319E25B8E4B000EEDB82 /* PBXContainerItemProxy */;
		};
/* End PBXTargetDependency section */

/* Begin PBXVariantGroup section */
		6695318A25B8E4AF00EEDB82 /* LaunchScreen.storyboard */ = {
			isa = PBXVariantGroup;
			children = (
				6695318B25B8E4AF00EEDB82 /* Base */,
			);
			name = LaunchScreen.storyboard;
			sourceTree = "<group>";
		};
/* End PBXVariantGroup section */

/* Begin XCBuildConfiguration section */
		669531A425B8E4B000EEDB82 /* Debug */ = {
			isa = XCBuildConfiguration;
			buildSettings = {
				ALWAYS_SEARCH_USER_PATHS = NO;
				CLANG_ANALYZER_NONNULL = YES;
				CLANG_ANALYZER_NUMBER_OBJECT_CONVERSION = YES_AGGRESSIVE;
				CLANG_CXX_LANGUAGE_STANDARD = "gnu++14";
				CLANG_CXX_LIBRARY = "libc++";
				CLANG_ENABLE_MODULES = YES;
				CLANG_ENABLE_OBJC_ARC = YES;
				CLANG_ENABLE_OBJC_WEAK = YES;
				CLANG_WARN_BLOCK_CAPTURE_AUTORELEASING = YES;
				CLANG_WARN_BOOL_CONVERSION = YES;
				CLANG_WARN_COMMA = YES;
				CLANG_WARN_CONSTANT_CONVERSION = YES;
				CLANG_WARN_DEPRECATED_OBJC_IMPLEMENTATIONS = YES;
				CLANG_WARN_DIRECT_OBJC_ISA_USAGE = YES_ERROR;
				CLANG_WARN_DOCUMENTATION_COMMENTS = YES;
				CLANG_WARN_EMPTY_BODY = YES;
				CLANG_WARN_ENUM_CONVERSION = YES;
				CLANG_WARN_INFINITE_RECURSION = YES;
				CLANG_WARN_INT_CONVERSION = YES;
				CLANG_WARN_NON_LITERAL_NULL_CONVERSION = YES;
				CLANG_WARN_OBJC_IMPLICIT_RETAIN_SELF = YES;
				CLANG_WARN_OBJC_LITERAL_CONVERSION = YES;
				CLANG_WARN_OBJC_ROOT_CLASS = YES_ERROR;
				CLANG_WARN_QUOTED_INCLUDE_IN_FRAMEWORK_HEADER = YES;
				CLANG_WARN_RANGE_LOOP_ANALYSIS = YES;
				CLANG_WARN_STRICT_PROTOTYPES = YES;
				CLANG_WARN_SUSPICIOUS_MOVE = YES;
				CLANG_WARN_UNGUARDED_AVAILABILITY = YES_AGGRESSIVE;
				CLANG_WARN_UNREACHABLE_CODE = YES;
				CLANG_WARN__DUPLICATE_METHOD_MATCH = YES;
				COPY_PHASE_STRIP = NO;
				DEBUG_INFORMATION_FORMAT = dwarf;
				ENABLE_STRICT_OBJC_MSGSEND = YES;
				ENABLE_TESTABILITY = YES;
				GCC_C_LANGUAGE_STANDARD = gnu11;
				GCC_DYNAMIC_NO_PIC = NO;
				GCC_NO_COMMON_BLOCKS = YES;
				GCC_OPTIMIZATION_LEVEL = 0;
				GCC_PREPROCESSOR_DEFINITIONS = (
					"DEBUG=1",
					"$(inherited)",
				);
				GCC_WARN_64_TO_32_BIT_CONVERSION = YES;
				GCC_WARN_ABOUT_RETURN_TYPE = YES_ERROR;
				GCC_WARN_UNDECLARED_SELECTOR = YES;
				GCC_WARN_UNINITIALIZED_AUTOS = YES_AGGRESSIVE;
				GCC_WARN_UNUSED_FUNCTION = YES;
				GCC_WARN_UNUSED_VARIABLE = YES;
				IPHONEOS_DEPLOYMENT_TARGET = 14.0;
				MTL_ENABLE_DEBUG_INFO = INCLUDE_SOURCE;
				MTL_FAST_MATH = YES;
				ONLY_ACTIVE_ARCH = YES;
				SDKROOT = iphoneos;
				SWIFT_ACTIVE_COMPILATION_CONDITIONS = DEBUG;
				SWIFT_OPTIMIZATION_LEVEL = "-Onone";
			};
			name = Debug;
		};
		669531A525B8E4B000EEDB82 /* Release */ = {
			isa = XCBuildConfiguration;
			buildSettings = {
				ALWAYS_SEARCH_USER_PATHS = NO;
				CLANG_ANALYZER_NONNULL = YES;
				CLANG_ANALYZER_NUMBER_OBJECT_CONVERSION = YES_AGGRESSIVE;
				CLANG_CXX_LANGUAGE_STANDARD = "gnu++14";
				CLANG_CXX_LIBRARY = "libc++";
				CLANG_ENABLE_MODULES = YES;
				CLANG_ENABLE_OBJC_ARC = YES;
				CLANG_ENABLE_OBJC_WEAK = YES;
				CLANG_WARN_BLOCK_CAPTURE_AUTORELEASING = YES;
				CLANG_WARN_BOOL_CONVERSION = YES;
				CLANG_WARN_COMMA = YES;
				CLANG_WARN_CONSTANT_CONVERSION = YES;
				CLANG_WARN_DEPRECATED_OBJC_IMPLEMENTATIONS = YES;
				CLANG_WARN_DIRECT_OBJC_ISA_USAGE = YES_ERROR;
				CLANG_WARN_DOCUMENTATION_COMMENTS = YES;
				CLANG_WARN_EMPTY_BODY = YES;
				CLANG_WARN_ENUM_CONVERSION = YES;
				CLANG_WARN_INFINITE_RECURSION = YES;
				CLANG_WARN_INT_CONVERSION = YES;
				CLANG_WARN_NON_LITERAL_NULL_CONVERSION = YES;
				CLANG_WARN_OBJC_IMPLICIT_RETAIN_SELF = YES;
				CLANG_WARN_OBJC_LITERAL_CONVERSION = YES;
				CLANG_WARN_OBJC_ROOT_CLASS = YES_ERROR;
				CLANG_WARN_QUOTED_INCLUDE_IN_FRAMEWORK_HEADER = YES;
				CLANG_WARN_RANGE_LOOP_ANALYSIS = YES;
				CLANG_WARN_STRICT_PROTOTYPES = YES;
				CLANG_WARN_SUSPICIOUS_MOVE = YES;
				CLANG_WARN_UNGUARDED_AVAILABILITY = YES_AGGRESSIVE;
				CLANG_WARN_UNREACHABLE_CODE = YES;
				CLANG_WARN__DUPLICATE_METHOD_MATCH = YES;
				COPY_PHASE_STRIP = NO;
				DEBUG_INFORMATION_FORMAT = "dwarf-with-dsym";
				ENABLE_NS_ASSERTIONS = NO;
				ENABLE_STRICT_OBJC_MSGSEND = YES;
				GCC_C_LANGUAGE_STANDARD = gnu11;
				GCC_NO_COMMON_BLOCKS = YES;
				GCC_WARN_64_TO_32_BIT_CONVERSION = YES;
				GCC_WARN_ABOUT_RETURN_TYPE = YES_ERROR;
				GCC_WARN_UNDECLARED_SELECTOR = YES;
				GCC_WARN_UNINITIALIZED_AUTOS = YES_AGGRESSIVE;
				GCC_WARN_UNUSED_FUNCTION = YES;
				GCC_WARN_UNUSED_VARIABLE = YES;
				IPHONEOS_DEPLOYMENT_TARGET = 14.0;
				MTL_ENABLE_DEBUG_INFO = NO;
				MTL_FAST_MATH = YES;
				SDKROOT = iphoneos;
				SWIFT_COMPILATION_MODE = wholemodule;
				SWIFT_OPTIMIZATION_LEVEL = "-O";
				VALIDATE_PRODUCT = YES;
			};
			name = Release;
		};
		669531A725B8E4B000EEDB82 /* Debug */ = {
			isa = XCBuildConfiguration;
			baseConfigurationReference = 3A6210C6F1AB88CA1E29A098 /* Pods-RestaurantMenu.debug.xcconfig */;
			buildSettings = {
				ALWAYS_EMBED_SWIFT_STANDARD_LIBRARIES = "$(inherited)";
				ASSETCATALOG_COMPILER_APPICON_NAME = AppIcon;
				ASSETCATALOG_COMPILER_GLOBAL_ACCENT_COLOR_NAME = AccentColor;
				CODE_SIGN_STYLE = Automatic;
				DEVELOPMENT_TEAM = MM5396X53H;
				INFOPLIST_FILE = RestaurantMenu/Info.plist;
				LD_RUNPATH_SEARCH_PATHS = (
					"$(inherited)",
					"@executable_path/Frameworks",
				);
				PRODUCT_BUNDLE_IDENTIFIER = com.Task.RestaurantMenu;
				PRODUCT_NAME = "$(TARGET_NAME)";
				SWIFT_VERSION = 5.0;
				TARGETED_DEVICE_FAMILY = "1,2";
			};
			name = Debug;
		};
		669531A825B8E4B000EEDB82 /* Release */ = {
			isa = XCBuildConfiguration;
			baseConfigurationReference = 3204A39C096A1436635158B5 /* Pods-RestaurantMenu.release.xcconfig */;
			buildSettings = {
				ALWAYS_EMBED_SWIFT_STANDARD_LIBRARIES = "$(inherited)";
				ASSETCATALOG_COMPILER_APPICON_NAME = AppIcon;
				ASSETCATALOG_COMPILER_GLOBAL_ACCENT_COLOR_NAME = AccentColor;
				CODE_SIGN_STYLE = Automatic;
				DEVELOPMENT_TEAM = MM5396X53H;
				INFOPLIST_FILE = RestaurantMenu/Info.plist;
				LD_RUNPATH_SEARCH_PATHS = (
					"$(inherited)",
					"@executable_path/Frameworks",
				);
				PRODUCT_BUNDLE_IDENTIFIER = com.Task.RestaurantMenu;
				PRODUCT_NAME = "$(TARGET_NAME)";
				SWIFT_VERSION = 5.0;
				TARGETED_DEVICE_FAMILY = "1,2";
			};
			name = Release;
		};
		669531AA25B8E4B000EEDB82 /* Debug */ = {
			isa = XCBuildConfiguration;
			baseConfigurationReference = 8D4245B8DDE64953F98EABC4 /* Pods-RestaurantMenuTests.debug.xcconfig */;
			buildSettings = {
				ALWAYS_EMBED_SWIFT_STANDARD_LIBRARIES = YES;
				BUNDLE_LOADER = "$(TEST_HOST)";
				CODE_SIGN_IDENTITY = "Apple Development";
				"CODE_SIGN_IDENTITY[sdk=macosx*]" = "Apple Development";
				CODE_SIGN_STYLE = Automatic;
				DEVELOPMENT_TEAM = MM5396X53H;
				INFOPLIST_FILE = RestaurantMenuTests/Info.plist;
				IPHONEOS_DEPLOYMENT_TARGET = 14.0;
				LD_RUNPATH_SEARCH_PATHS = (
					"$(inherited)",
					"@executable_path/Frameworks",
					"@loader_path/Frameworks",
				);
				PRODUCT_BUNDLE_IDENTIFIER = com.Task.RestaurantMenuTests;
				PRODUCT_NAME = "$(TARGET_NAME)";
				PROVISIONING_PROFILE_SPECIFIER = "";
				"PROVISIONING_PROFILE_SPECIFIER[sdk=macosx*]" = "";
				SWIFT_VERSION = 5.0;
				TARGETED_DEVICE_FAMILY = "1,2";
				TEST_HOST = "$(BUILT_PRODUCTS_DIR)/RestaurantMenu.app/RestaurantMenu";
			};
			name = Debug;
		};
		669531AB25B8E4B000EEDB82 /* Release */ = {
			isa = XCBuildConfiguration;
			baseConfigurationReference = 5832B017CFC62A769A335037 /* Pods-RestaurantMenuTests.release.xcconfig */;
			buildSettings = {
				ALWAYS_EMBED_SWIFT_STANDARD_LIBRARIES = YES;
				BUNDLE_LOADER = "$(TEST_HOST)";
				CODE_SIGN_IDENTITY = "Apple Development";
				"CODE_SIGN_IDENTITY[sdk=macosx*]" = "Apple Development";
				CODE_SIGN_STYLE = Automatic;
				DEVELOPMENT_TEAM = MM5396X53H;
				INFOPLIST_FILE = RestaurantMenuTests/Info.plist;
				IPHONEOS_DEPLOYMENT_TARGET = 14.0;
				LD_RUNPATH_SEARCH_PATHS = (
					"$(inherited)",
					"@executable_path/Frameworks",
					"@loader_path/Frameworks",
				);
				PRODUCT_BUNDLE_IDENTIFIER = com.Task.RestaurantMenuTests;
				PRODUCT_NAME = "$(TARGET_NAME)";
				PROVISIONING_PROFILE_SPECIFIER = "";
				"PROVISIONING_PROFILE_SPECIFIER[sdk=macosx*]" = "";
				SWIFT_VERSION = 5.0;
				TARGETED_DEVICE_FAMILY = "1,2";
				TEST_HOST = "$(BUILT_PRODUCTS_DIR)/RestaurantMenu.app/RestaurantMenu";
			};
			name = Release;
		};
		669531AD25B8E4B000EEDB82 /* Debug */ = {
			isa = XCBuildConfiguration;
			baseConfigurationReference = B8E9AB02EA90143FE9150C9D /* Pods-RestaurantMenu-RestaurantMenuUITests.debug.xcconfig */;
			buildSettings = {
				ALWAYS_EMBED_SWIFT_STANDARD_LIBRARIES = YES;
				CODE_SIGN_IDENTITY = "Apple Development";
				"CODE_SIGN_IDENTITY[sdk=macosx*]" = "Apple Development";
				CODE_SIGN_STYLE = Automatic;
				DEVELOPMENT_TEAM = MM5396X53H;
				INFOPLIST_FILE = RestaurantMenuUITests/Info.plist;
				LD_RUNPATH_SEARCH_PATHS = (
					"$(inherited)",
					"@executable_path/Frameworks",
					"@loader_path/Frameworks",
				);
				PRODUCT_BUNDLE_IDENTIFIER = com.Task.RestaurantMenuUITests;
				PRODUCT_NAME = "$(TARGET_NAME)";
				PROVISIONING_PROFILE_SPECIFIER = "";
				"PROVISIONING_PROFILE_SPECIFIER[sdk=macosx*]" = "";
				SWIFT_VERSION = 5.0;
				TARGETED_DEVICE_FAMILY = "1,2";
				TEST_TARGET_NAME = RestaurantMenu;
			};
			name = Debug;
		};
		669531AE25B8E4B000EEDB82 /* Release */ = {
			isa = XCBuildConfiguration;
			baseConfigurationReference = CAF6E2C6F2B8869760959B93 /* Pods-RestaurantMenu-RestaurantMenuUITests.release.xcconfig */;
			buildSettings = {
				ALWAYS_EMBED_SWIFT_STANDARD_LIBRARIES = YES;
				CODE_SIGN_IDENTITY = "Apple Development";
				"CODE_SIGN_IDENTITY[sdk=macosx*]" = "Apple Development";
				CODE_SIGN_STYLE = Automatic;
				DEVELOPMENT_TEAM = MM5396X53H;
				INFOPLIST_FILE = RestaurantMenuUITests/Info.plist;
				LD_RUNPATH_SEARCH_PATHS = (
					"$(inherited)",
					"@executable_path/Frameworks",
					"@loader_path/Frameworks",
				);
				PRODUCT_BUNDLE_IDENTIFIER = com.Task.RestaurantMenuUITests;
				PRODUCT_NAME = "$(TARGET_NAME)";
				PROVISIONING_PROFILE_SPECIFIER = "";
				"PROVISIONING_PROFILE_SPECIFIER[sdk=macosx*]" = "";
				SWIFT_VERSION = 5.0;
				TARGETED_DEVICE_FAMILY = "1,2";
				TEST_TARGET_NAME = RestaurantMenu;
			};
			name = Release;
		};
/* End XCBuildConfiguration section */

/* Begin XCConfigurationList section */
		6695317725B8E4AC00EEDB82 /* Build configuration list for PBXProject "RestaurantMenu" */ = {
			isa = XCConfigurationList;
			buildConfigurations = (
				669531A425B8E4B000EEDB82 /* Debug */,
				669531A525B8E4B000EEDB82 /* Release */,
			);
			defaultConfigurationIsVisible = 0;
			defaultConfigurationName = Release;
		};
		669531A625B8E4B000EEDB82 /* Build configuration list for PBXNativeTarget "RestaurantMenu" */ = {
			isa = XCConfigurationList;
			buildConfigurations = (
				669531A725B8E4B000EEDB82 /* Debug */,
				669531A825B8E4B000EEDB82 /* Release */,
			);
			defaultConfigurationIsVisible = 0;
			defaultConfigurationName = Release;
		};
		669531A925B8E4B000EEDB82 /* Build configuration list for PBXNativeTarget "RestaurantMenuTests" */ = {
			isa = XCConfigurationList;
			buildConfigurations = (
				669531AA25B8E4B000EEDB82 /* Debug */,
				669531AB25B8E4B000EEDB82 /* Release */,
			);
			defaultConfigurationIsVisible = 0;
			defaultConfigurationName = Release;
		};
		669531AC25B8E4B000EEDB82 /* Build configuration list for PBXNativeTarget "RestaurantMenuUITests" */ = {
			isa = XCConfigurationList;
			buildConfigurations = (
				669531AD25B8E4B000EEDB82 /* Debug */,
				669531AE25B8E4B000EEDB82 /* Release */,
			);
			defaultConfigurationIsVisible = 0;
			defaultConfigurationName = Release;
		};
/* End XCConfigurationList section */
	};
	rootObject = 6695317425B8E4AC00EEDB82 /* Project object */;
}
